
Microsoft Visual Studio Solution File, Format Version 11.00
# Visual Studio 2010
Project("{FAE04EC0-301F-11D3-BF4B-00C04F79EFBC}") = "2D-Platformer-Unity", "Assembly-CSharp-firstpass.csproj", "{8E56AF29-B5ED-BDB0-CB2E-0CD1C0E23783}"
EndProject
Project("{FAE04EC0-301F-11D3-BF4B-00C04F79EFBC}") = "2D-Platformer-Unity", "Assembly-CSharp.csproj", "{B3E93F6E-301B-66EA-DA21-42EC07E23A0E}"
EndProject
Project("{FAE04EC0-301F-11D3-BF4B-00C04F79EFBC}") = "2D-Platformer-Unity", "Assembly-CSharp-Editor-firstpass.csproj", "{52B4321C-8633-A4AC-739B-71C6EB023C65}"
EndProject
Global
	GlobalSection(SolutionConfigurationPlatforms) = preSolution
		Debug|Any CPU = Debug|Any CPU
		Release|Any CPU = Release|Any CPU
	EndGlobalSection
	GlobalSection(ProjectConfigurationPlatforms) = postSolution
		{8E56AF29-B5ED-BDB0-CB2E-0CD1C0E23783}.Debug|Any CPU.ActiveCfg = Debug|Any CPU
		{8E56AF29-B5ED-BDB0-CB2E-0CD1C0E23783}.Debug|Any CPU.Build.0 = Debug|Any CPU
		{8E56AF29-B5ED-BDB0-CB2E-0CD1C0E23783}.Release|Any CPU.ActiveCfg = Release|Any CPU
		{8E56AF29-B5ED-BDB0-CB2E-0CD1C0E23783}.Release|Any CPU.Build.0 = Release|Any CPU
		{B3E93F6E-301B-66EA-DA21-42EC07E23A0E}.Debug|Any CPU.ActiveCfg = Debug|Any CPU
		{B3E93F6E-301B-66EA-DA21-42EC07E23A0E}.Debug|Any CPU.Build.0 = Debug|Any CPU
		{B3E93F6E-301B-66EA-DA21-42EC07E23A0E}.Release|Any CPU.ActiveCfg = Release|Any CPU
		{B3E93F6E-301B-66EA-DA21-42EC07E23A0E}.Release|Any CPU.Build.0 = Release|Any CPU
		{52B4321C-8633-A4AC-739B-71C6EB023C65}.Debug|Any CPU.ActiveCfg = Debug|Any CPU
		{52B4321C-8633-A4AC-739B-71C6EB023C65}.Debug|Any CPU.Build.0 = Debug|Any CPU
		{52B4321C-8633-A4AC-739B-71C6EB023C65}.Release|Any CPU.ActiveCfg = Release|Any CPU
		{52B4321C-8633-A4AC-739B-71C6EB023C65}.Release|Any CPU.Build.0 = Release|Any CPU
	EndGlobalSection
	GlobalSection(SolutionProperties) = preSolution
		HideSolutionNode = FALSE
	EndGlobalSection
	GlobalSection(MonoDevelopProperties) = preSolution
		StartupItem = Assembly-CSharp.csproj
	EndGlobalSection
EndGlobal
